
Microsoft Visual Studio Solution File, Format Version 12.00
# Visual Studio 15
VisualStudioVersion = 15.0.26730.12
MinimumVisualStudioVersion = 10.0.40219.1
Project("{9A19103F-16F7-4668-BE54-9A1E7A4F7556}") = "LSG.GenericCrud", "LSG.GenericCrud\LSG.GenericCrud.csproj", "{722007F7-B2C5-40E3-B6A8-57AD5A9745F8}"
EndProject
Project("{9A19103F-16F7-4668-BE54-9A1E7A4F7556}") = "LSG.GenericCrud.Tests", "LSG.GenericCrud.Tests\LSG.GenericCrud.Tests.csproj", "{0359BCEA-7881-488F-83CC-27C3CE94DC30}"
EndProject
Project("{9A19103F-16F7-4668-BE54-9A1E7A4F7556}") = "LSG.GenericCrud.Extensions", "LSG.GenericCrud.Extensions\LSG.GenericCrud.Extensions.csproj", "{F343DDBD-9F1A-415C-BE8C-500B2619DD1A}"
	ProjectSection(ProjectDependencies) = postProject
		{722007F7-B2C5-40E3-B6A8-57AD5A9745F8} = {722007F7-B2C5-40E3-B6A8-57AD5A9745F8}
	EndProjectSection
EndProject
Project("{9A19103F-16F7-4668-BE54-9A1E7A4F7556}") = "LSG.GenericCrud.Dto", "LSG.GenericCrud.Dto\LSG.GenericCrud.Dto.csproj", "{4A41E77C-4ECC-49CA-8C23-8413D94B1FB0}"
	ProjectSection(ProjectDependencies) = postProject
		{722007F7-B2C5-40E3-B6A8-57AD5A9745F8} = {722007F7-B2C5-40E3-B6A8-57AD5A9745F8}
	EndProjectSection
EndProject
Project("{2150E333-8FDC-42A3-9474-1A3956D46DE8}") = "SonarQube", "SonarQube", "{06CEFFB6-CF22-4423-AB70-915B9696FFC6}"
	ProjectSection(SolutionItems) = preProject
		SonarQube\e6538e5f2a5021bb39fb1d3efc72bd17ca4beb7aCSharp.ruleset = SonarQube\e6538e5f2a5021bb39fb1d3efc72bd17ca4beb7aCSharp.ruleset
		SonarQube\SolutionBinding.sqconfig = SonarQube\SolutionBinding.sqconfig
	EndProjectSection
EndProject
Global
	GlobalSection(SolutionConfigurationPlatforms) = preSolution
		Debug|Any CPU = Debug|Any CPU
		Release|Any CPU = Release|Any CPU
	EndGlobalSection
	GlobalSection(ProjectConfigurationPlatforms) = postSolution
		{722007F7-B2C5-40E3-B6A8-57AD5A9745F8}.Debug|Any CPU.ActiveCfg = Debug|Any CPU
		{722007F7-B2C5-40E3-B6A8-57AD5A9745F8}.Debug|Any CPU.Build.0 = Debug|Any CPU
		{722007F7-B2C5-40E3-B6A8-57AD5A9745F8}.Release|Any CPU.ActiveCfg = Release|Any CPU
		{722007F7-B2C5-40E3-B6A8-57AD5A9745F8}.Release|Any CPU.Build.0 = Release|Any CPU
		{0359BCEA-7881-488F-83CC-27C3CE94DC30}.Debug|Any CPU.ActiveCfg = Debug|Any CPU
		{0359BCEA-7881-488F-83CC-27C3CE94DC30}.Debug|Any CPU.Build.0 = Debug|Any CPU
		{0359BCEA-7881-488F-83CC-27C3CE94DC30}.Release|Any CPU.ActiveCfg = Release|Any CPU
		{0359BCEA-7881-488F-83CC-27C3CE94DC30}.Release|Any CPU.Build.0 = Release|Any CPU
		{F343DDBD-9F1A-415C-BE8C-500B2619DD1A}.Debug|Any CPU.ActiveCfg = Debug|Any CPU
		{F343DDBD-9F1A-415C-BE8C-500B2619DD1A}.Debug|Any CPU.Build.0 = Debug|Any CPU
		{F343DDBD-9F1A-415C-BE8C-500B2619DD1A}.Release|Any CPU.ActiveCfg = Release|Any CPU
		{F343DDBD-9F1A-415C-BE8C-500B2619DD1A}.Release|Any CPU.Build.0 = Release|Any CPU
		{4A41E77C-4ECC-49CA-8C23-8413D94B1FB0}.Debug|Any CPU.ActiveCfg = Debug|Any CPU
		{4A41E77C-4ECC-49CA-8C23-8413D94B1FB0}.Debug|Any CPU.Build.0 = Debug|Any CPU
		{4A41E77C-4ECC-49CA-8C23-8413D94B1FB0}.Release|Any CPU.ActiveCfg = Release|Any CPU
		{4A41E77C-4ECC-49CA-8C23-8413D94B1FB0}.Release|Any CPU.Build.0 = Release|Any CPU
	EndGlobalSection
	GlobalSection(SolutionProperties) = preSolution
		HideSolutionNode = FALSE
	EndGlobalSection
	GlobalSection(ExtensibilityGlobals) = postSolution
		SolutionGuid = {D667528F-F5FB-49E5-BD4A-0F54FB313738}
	EndGlobalSection
EndGlobal
