Microsoft Visual Studio Solution File, Format Version 12.00
# Visual Studio 15
VisualStudioVersion = 15.0.27004.2009
MinimumVisualStudioVersion = 15.0.26124.0
Project("{2150E333-8FDC-42A3-9474-1A3956D46DE8}") = "Sample.Async", "Sample.Async", "{F65E160D-9E6E-4818-B998-3A5DEB09D4A8}"
EndProject
Project("{9A19103F-16F7-4668-BE54-9A1E7A4F7556}") = "Sample.Async", "Sample.Async\Sample.Async\Sample.Async.csproj", "{40044525-DE39-4A34-AB22-BF98B36A10E4}"
EndProject
Project("{2150E333-8FDC-42A3-9474-1A3956D46DE8}") = "Sample.Complete", "Sample.Complete", "{961A6AFF-5CB8-454D-B085-987F67AB4429}"
EndProject
Project("{9A19103F-16F7-4668-BE54-9A1E7A4F7556}") = "Sample.Complete", "Sample.Complete\Sample.Complete\Sample.Complete.csproj", "{DEEA02BF-66C8-4A66-883D-7A9396638DCD}"
EndProject
Project("{2150E333-8FDC-42A3-9474-1A3956D46DE8}") = "Sample.DataFiller", "Sample.DataFiller", "{4B08E84E-F0C1-48FE-8416-BA089DB2A163}"
EndProject
Project("{9A19103F-16F7-4668-BE54-9A1E7A4F7556}") = "Sample.DataFiller", "Sample.DataFiller\Sample.DataFiller\Sample.DataFiller.csproj", "{9FC2C8E3-CAFF-48EB-A97F-47F0A8828124}"
EndProject
Project("{2150E333-8FDC-42A3-9474-1A3956D46DE8}") = "Sample.Dto", "Sample.Dto", "{14139181-EE10-439E-AEC3-F69A89A2C4BF}"
EndProject
Project("{9A19103F-16F7-4668-BE54-9A1E7A4F7556}") = "Sample.Dto", "Sample.Dto\Sample.Dto\Sample.Dto.csproj", "{DF258D39-3026-41DC-B6FB-67F1E495083D}"
EndProject
Project("{2150E333-8FDC-42A3-9474-1A3956D46DE8}") = "Sample.GenericCrud.VS", "Sample.GenericCrud.VS", "{821373E1-440A-43A2-83AA-D512CDA6B629}"
EndProject
Project("{9A19103F-16F7-4668-BE54-9A1E7A4F7556}") = "Sample.GenericCrud", "Sample.GenericCrud.VS\Sample.GenericCrud\Sample.GenericCrud.csproj", "{D57A0EB7-D7D8-4A47-B4AD-21F78D469A02}"
EndProject
Project("{9A19103F-16F7-4668-BE54-9A1E7A4F7556}") = "Sample.GenericCrud", "Sample.GenericCrud.VSCode\Sample.GenericCrud.csproj", "{958F6720-3064-4FE6-AA91-4EC7377F94E8}"
EndProject
Project("{2150E333-8FDC-42A3-9474-1A3956D46DE8}") = "Sample.HistoricalCrud", "Sample.HistoricalCrud", "{3CEC44F2-07E1-4E5A-B7DB-A10AAA09DCFE}"
EndProject
Project("{9A19103F-16F7-4668-BE54-9A1E7A4F7556}") = "Sample.HistoricalCrud", "Sample.HistoricalCrud\Sample.HistoricalCrud\Sample.HistoricalCrud.csproj", "{553E32D0-7882-4B5B-B952-CF25F2A42E5D}"
EndProject
Project("{2150E333-8FDC-42A3-9474-1A3956D46DE8}") = "Sample.GlobalFilters", "Sample.GlobalFilters", "{9C8DB43D-5AAF-42AD-A45C-60A9465F7918}"
EndProject
Project("{9A19103F-16F7-4668-BE54-9A1E7A4F7556}") = "Sample.GlobalFilters", "Sample.GlobalFilters\Sample.GlobalFilters\Sample.GlobalFilters.csproj", "{6632D606-A1D1-4C35-8D9F-064CE6C5DF46}"
EndProject
Global
	GlobalSection(SolutionConfigurationPlatforms) = preSolution
		Debug|Any CPU = Debug|Any CPU
		Debug|x64 = Debug|x64
		Debug|x86 = Debug|x86
		Release|Any CPU = Release|Any CPU
		Release|x64 = Release|x64
		Release|x86 = Release|x86
	EndGlobalSection
	GlobalSection(ProjectConfigurationPlatforms) = postSolution
		{40044525-DE39-4A34-AB22-BF98B36A10E4}.Debug|Any CPU.ActiveCfg = Debug|Any CPU
		{40044525-DE39-4A34-AB22-BF98B36A10E4}.Debug|Any CPU.Build.0 = Debug|Any CPU
		{40044525-DE39-4A34-AB22-BF98B36A10E4}.Debug|x64.ActiveCfg = Debug|Any CPU
		{40044525-DE39-4A34-AB22-BF98B36A10E4}.Debug|x64.Build.0 = Debug|Any CPU
		{40044525-DE39-4A34-AB22-BF98B36A10E4}.Debug|x86.ActiveCfg = Debug|Any CPU
		{40044525-DE39-4A34-AB22-BF98B36A10E4}.Debug|x86.Build.0 = Debug|Any CPU
		{40044525-DE39-4A34-AB22-BF98B36A10E4}.Release|Any CPU.ActiveCfg = Release|Any CPU
		{40044525-DE39-4A34-AB22-BF98B36A10E4}.Release|Any CPU.Build.0 = Release|Any CPU
		{40044525-DE39-4A34-AB22-BF98B36A10E4}.Release|x64.ActiveCfg = Release|Any CPU
		{40044525-DE39-4A34-AB22-BF98B36A10E4}.Release|x64.Build.0 = Release|Any CPU
		{40044525-DE39-4A34-AB22-BF98B36A10E4}.Release|x86.ActiveCfg = Release|Any CPU
		{40044525-DE39-4A34-AB22-BF98B36A10E4}.Release|x86.Build.0 = Release|Any CPU
		{DEEA02BF-66C8-4A66-883D-7A9396638DCD}.Debug|Any CPU.ActiveCfg = Debug|Any CPU
		{DEEA02BF-66C8-4A66-883D-7A9396638DCD}.Debug|Any CPU.Build.0 = Debug|Any CPU
		{DEEA02BF-66C8-4A66-883D-7A9396638DCD}.Debug|x64.ActiveCfg = Debug|Any CPU
		{DEEA02BF-66C8-4A66-883D-7A9396638DCD}.Debug|x64.Build.0 = Debug|Any CPU
		{DEEA02BF-66C8-4A66-883D-7A9396638DCD}.Debug|x86.ActiveCfg = Debug|Any CPU
		{DEEA02BF-66C8-4A66-883D-7A9396638DCD}.Debug|x86.Build.0 = Debug|Any CPU
		{DEEA02BF-66C8-4A66-883D-7A9396638DCD}.Release|Any CPU.ActiveCfg = Release|Any CPU
		{DEEA02BF-66C8-4A66-883D-7A9396638DCD}.Release|Any CPU.Build.0 = Release|Any CPU
		{DEEA02BF-66C8-4A66-883D-7A9396638DCD}.Release|x64.ActiveCfg = Release|Any CPU
		{DEEA02BF-66C8-4A66-883D-7A9396638DCD}.Release|x64.Build.0 = Release|Any CPU
		{DEEA02BF-66C8-4A66-883D-7A9396638DCD}.Release|x86.ActiveCfg = Release|Any CPU
		{DEEA02BF-66C8-4A66-883D-7A9396638DCD}.Release|x86.Build.0 = Release|Any CPU
		{9FC2C8E3-CAFF-48EB-A97F-47F0A8828124}.Debug|Any CPU.ActiveCfg = Debug|Any CPU
		{9FC2C8E3-CAFF-48EB-A97F-47F0A8828124}.Debug|Any CPU.Build.0 = Debug|Any CPU
		{9FC2C8E3-CAFF-48EB-A97F-47F0A8828124}.Debug|x64.ActiveCfg = Debug|Any CPU
		{9FC2C8E3-CAFF-48EB-A97F-47F0A8828124}.Debug|x64.Build.0 = Debug|Any CPU
		{9FC2C8E3-CAFF-48EB-A97F-47F0A8828124}.Debug|x86.ActiveCfg = Debug|Any CPU
		{9FC2C8E3-CAFF-48EB-A97F-47F0A8828124}.Debug|x86.Build.0 = Debug|Any CPU
		{9FC2C8E3-CAFF-48EB-A97F-47F0A8828124}.Release|Any CPU.ActiveCfg = Release|Any CPU
		{9FC2C8E3-CAFF-48EB-A97F-47F0A8828124}.Release|Any CPU.Build.0 = Release|Any CPU
		{9FC2C8E3-CAFF-48EB-A97F-47F0A8828124}.Release|x64.ActiveCfg = Release|Any CPU
		{9FC2C8E3-CAFF-48EB-A97F-47F0A8828124}.Release|x64.Build.0 = Release|Any CPU
		{9FC2C8E3-CAFF-48EB-A97F-47F0A8828124}.Release|x86.ActiveCfg = Release|Any CPU
		{9FC2C8E3-CAFF-48EB-A97F-47F0A8828124}.Release|x86.Build.0 = Release|Any CPU
		{DF258D39-3026-41DC-B6FB-67F1E495083D}.Debug|Any CPU.ActiveCfg = Debug|Any CPU
		{DF258D39-3026-41DC-B6FB-67F1E495083D}.Debug|Any CPU.Build.0 = Debug|Any CPU
		{DF258D39-3026-41DC-B6FB-67F1E495083D}.Debug|x64.ActiveCfg = Debug|Any CPU
		{DF258D39-3026-41DC-B6FB-67F1E495083D}.Debug|x64.Build.0 = Debug|Any CPU
		{DF258D39-3026-41DC-B6FB-67F1E495083D}.Debug|x86.ActiveCfg = Debug|Any CPU
		{DF258D39-3026-41DC-B6FB-67F1E495083D}.Debug|x86.Build.0 = Debug|Any CPU
		{DF258D39-3026-41DC-B6FB-67F1E495083D}.Release|Any CPU.ActiveCfg = Release|Any CPU
		{DF258D39-3026-41DC-B6FB-67F1E495083D}.Release|Any CPU.Build.0 = Release|Any CPU
		{DF258D39-3026-41DC-B6FB-67F1E495083D}.Release|x64.ActiveCfg = Release|Any CPU
		{DF258D39-3026-41DC-B6FB-67F1E495083D}.Release|x64.Build.0 = Release|Any CPU
		{DF258D39-3026-41DC-B6FB-67F1E495083D}.Release|x86.ActiveCfg = Release|Any CPU
		{DF258D39-3026-41DC-B6FB-67F1E495083D}.Release|x86.Build.0 = Release|Any CPU
		{D57A0EB7-D7D8-4A47-B4AD-21F78D469A02}.Debug|Any CPU.ActiveCfg = Debug|Any CPU
		{D57A0EB7-D7D8-4A47-B4AD-21F78D469A02}.Debug|Any CPU.Build.0 = Debug|Any CPU
		{D57A0EB7-D7D8-4A47-B4AD-21F78D469A02}.Debug|x64.ActiveCfg = Debug|Any CPU
		{D57A0EB7-D7D8-4A47-B4AD-21F78D469A02}.Debug|x64.Build.0 = Debug|Any CPU
		{D57A0EB7-D7D8-4A47-B4AD-21F78D469A02}.Debug|x86.ActiveCfg = Debug|Any CPU
		{D57A0EB7-D7D8-4A47-B4AD-21F78D469A02}.Debug|x86.Build.0 = Debug|Any CPU
		{D57A0EB7-D7D8-4A47-B4AD-21F78D469A02}.Release|Any CPU.ActiveCfg = Release|Any CPU
		{D57A0EB7-D7D8-4A47-B4AD-21F78D469A02}.Release|Any CPU.Build.0 = Release|Any CPU
		{D57A0EB7-D7D8-4A47-B4AD-21F78D469A02}.Release|x64.ActiveCfg = Release|Any CPU
		{D57A0EB7-D7D8-4A47-B4AD-21F78D469A02}.Release|x64.Build.0 = Release|Any CPU
		{D57A0EB7-D7D8-4A47-B4AD-21F78D469A02}.Release|x86.ActiveCfg = Release|Any CPU
		{D57A0EB7-D7D8-4A47-B4AD-21F78D469A02}.Release|x86.Build.0 = Release|Any CPU
		{958F6720-3064-4FE6-AA91-4EC7377F94E8}.Debug|Any CPU.ActiveCfg = Debug|Any CPU
		{958F6720-3064-4FE6-AA91-4EC7377F94E8}.Debug|Any CPU.Build.0 = Debug|Any CPU
		{958F6720-3064-4FE6-AA91-4EC7377F94E8}.Debug|x64.ActiveCfg = Debug|Any CPU
		{958F6720-3064-4FE6-AA91-4EC7377F94E8}.Debug|x64.Build.0 = Debug|Any CPU
		{958F6720-3064-4FE6-AA91-4EC7377F94E8}.Debug|x86.ActiveCfg = Debug|Any CPU
		{958F6720-3064-4FE6-AA91-4EC7377F94E8}.Debug|x86.Build.0 = Debug|Any CPU
		{958F6720-3064-4FE6-AA91-4EC7377F94E8}.Release|Any CPU.ActiveCfg = Release|Any CPU
		{958F6720-3064-4FE6-AA91-4EC7377F94E8}.Release|Any CPU.Build.0 = Release|Any CPU
		{958F6720-3064-4FE6-AA91-4EC7377F94E8}.Release|x64.ActiveCfg = Release|Any CPU
		{958F6720-3064-4FE6-AA91-4EC7377F94E8}.Release|x64.Build.0 = Release|Any CPU
		{958F6720-3064-4FE6-AA91-4EC7377F94E8}.Release|x86.ActiveCfg = Release|Any CPU
		{958F6720-3064-4FE6-AA91-4EC7377F94E8}.Release|x86.Build.0 = Release|Any CPU
		{553E32D0-7882-4B5B-B952-CF25F2A42E5D}.Debug|Any CPU.ActiveCfg = Debug|Any CPU
		{553E32D0-7882-4B5B-B952-CF25F2A42E5D}.Debug|Any CPU.Build.0 = Debug|Any CPU
		{553E32D0-7882-4B5B-B952-CF25F2A42E5D}.Debug|x64.ActiveCfg = Debug|Any CPU
		{553E32D0-7882-4B5B-B952-CF25F2A42E5D}.Debug|x64.Build.0 = Debug|Any CPU
		{553E32D0-7882-4B5B-B952-CF25F2A42E5D}.Debug|x86.ActiveCfg = Debug|Any CPU
		{553E32D0-7882-4B5B-B952-CF25F2A42E5D}.Debug|x86.Build.0 = Debug|Any CPU
		{553E32D0-7882-4B5B-B952-CF25F2A42E5D}.Release|Any CPU.ActiveCfg = Release|Any CPU
		{553E32D0-7882-4B5B-B952-CF25F2A42E5D}.Release|Any CPU.Build.0 = Release|Any CPU
		{553E32D0-7882-4B5B-B952-CF25F2A42E5D}.Release|x64.ActiveCfg = Release|Any CPU
		{553E32D0-7882-4B5B-B952-CF25F2A42E5D}.Release|x64.Build.0 = Release|Any CPU
		{553E32D0-7882-4B5B-B952-CF25F2A42E5D}.Release|x86.ActiveCfg = Release|Any CPU
		{553E32D0-7882-4B5B-B952-CF25F2A42E5D}.Release|x86.Build.0 = Release|Any CPU
		{6632D606-A1D1-4C35-8D9F-064CE6C5DF46}.Debug|Any CPU.ActiveCfg = Debug|Any CPU
		{6632D606-A1D1-4C35-8D9F-064CE6C5DF46}.Debug|Any CPU.Build.0 = Debug|Any CPU
		{6632D606-A1D1-4C35-8D9F-064CE6C5DF46}.Debug|x64.ActiveCfg = Debug|Any CPU
		{6632D606-A1D1-4C35-8D9F-064CE6C5DF46}.Debug|x64.Build.0 = Debug|Any CPU
		{6632D606-A1D1-4C35-8D9F-064CE6C5DF46}.Debug|x86.ActiveCfg = Debug|Any CPU
		{6632D606-A1D1-4C35-8D9F-064CE6C5DF46}.Debug|x86.Build.0 = Debug|Any CPU
		{6632D606-A1D1-4C35-8D9F-064CE6C5DF46}.Release|Any CPU.ActiveCfg = Release|Any CPU
		{6632D606-A1D1-4C35-8D9F-064CE6C5DF46}.Release|Any CPU.Build.0 = Release|Any CPU
		{6632D606-A1D1-4C35-8D9F-064CE6C5DF46}.Release|x64.ActiveCfg = Release|Any CPU
		{6632D606-A1D1-4C35-8D9F-064CE6C5DF46}.Release|x64.Build.0 = Release|Any CPU
		{6632D606-A1D1-4C35-8D9F-064CE6C5DF46}.Release|x86.ActiveCfg = Release|Any CPU
		{6632D606-A1D1-4C35-8D9F-064CE6C5DF46}.Release|x86.Build.0 = Release|Any CPU
	EndGlobalSection
	GlobalSection(SolutionProperties) = preSolution
		HideSolutionNode = FALSE
	EndGlobalSection
	GlobalSection(NestedProjects) = preSolution
		{40044525-DE39-4A34-AB22-BF98B36A10E4} = {F65E160D-9E6E-4818-B998-3A5DEB09D4A8}
		{DEEA02BF-66C8-4A66-883D-7A9396638DCD} = {961A6AFF-5CB8-454D-B085-987F67AB4429}
		{9FC2C8E3-CAFF-48EB-A97F-47F0A8828124} = {4B08E84E-F0C1-48FE-8416-BA089DB2A163}
		{DF258D39-3026-41DC-B6FB-67F1E495083D} = {14139181-EE10-439E-AEC3-F69A89A2C4BF}
		{D57A0EB7-D7D8-4A47-B4AD-21F78D469A02} = {821373E1-440A-43A2-83AA-D512CDA6B629}
		{553E32D0-7882-4B5B-B952-CF25F2A42E5D} = {3CEC44F2-07E1-4E5A-B7DB-A10AAA09DCFE}
		{6632D606-A1D1-4C35-8D9F-064CE6C5DF46} = {9C8DB43D-5AAF-42AD-A45C-60A9465F7918}
	EndGlobalSection
	GlobalSection(ExtensibilityGlobals) = postSolution
		SolutionGuid = {587BF52F-61E2-485B-B0CF-4BD05832040B}
	EndGlobalSection
EndGlobal
